
Microsoft Visual Studio Solution File, Format Version 12.00
# Visual Studio Version 16
VisualStudioVersion = 16.0.30406.217
MinimumVisualStudioVersion = 10.0.40219.1
Project("{FAE04EC0-301F-11D3-BF4B-00C04F79EFBC}") = "exercicio2_2", "exercicio2_2.csproj", "{90378F56-7AC2-4003-ABFF-EEA801E5F97F}"
EndProject
Global
	GlobalSection(SolutionConfigurationPlatforms) = preSolution
		Debug|Any CPU = Debug|Any CPU
		Release|Any CPU = Release|Any CPU
	EndGlobalSection
	GlobalSection(ProjectConfigurationPlatforms) = postSolution
		{90378F56-7AC2-4003-ABFF-EEA801E5F97F}.Debug|Any CPU.ActiveCfg = Debug|Any CPU
		{90378F56-7AC2-4003-ABFF-EEA801E5F97F}.Debug|Any CPU.Build.0 = Debug|Any CPU
		{90378F56-7AC2-4003-ABFF-EEA801E5F97F}.Release|Any CPU.ActiveCfg = Release|Any CPU
		{90378F56-7AC2-4003-ABFF-EEA801E5F97F}.Release|Any CPU.Build.0 = Release|Any CPU
	EndGlobalSection
	GlobalSection(SolutionProperties) = preSolution
		HideSolutionNode = FALSE
	EndGlobalSection
	GlobalSection(ExtensibilityGlobals) = postSolution
		SolutionGuid = {4D4DFE8F-E545-4313-9A52-D922713249D0}
	EndGlobalSection
EndGlobal
