
Microsoft Visual Studio Solution File, Format Version 12.00
# Visual Studio Version 16
VisualStudioVersion = 16.0.30406.217
MinimumVisualStudioVersion = 10.0.40219.1
Project("{FAE04EC0-301F-11D3-BF4B-00C04F79EFBC}") = "exercicio2_11", "exercicio2_11.csproj", "{32291580-22D4-4B8B-9E99-BDBDD974C619}"
EndProject
Global
	GlobalSection(SolutionConfigurationPlatforms) = preSolution
		Debug|Any CPU = Debug|Any CPU
		Release|Any CPU = Release|Any CPU
	EndGlobalSection
	GlobalSection(ProjectConfigurationPlatforms) = postSolution
		{32291580-22D4-4B8B-9E99-BDBDD974C619}.Debug|Any CPU.ActiveCfg = Debug|Any CPU
		{32291580-22D4-4B8B-9E99-BDBDD974C619}.Debug|Any CPU.Build.0 = Debug|Any CPU
		{32291580-22D4-4B8B-9E99-BDBDD974C619}.Release|Any CPU.ActiveCfg = Release|Any CPU
		{32291580-22D4-4B8B-9E99-BDBDD974C619}.Release|Any CPU.Build.0 = Release|Any CPU
	EndGlobalSection
	GlobalSection(SolutionProperties) = preSolution
		HideSolutionNode = FALSE
	EndGlobalSection
	GlobalSection(ExtensibilityGlobals) = postSolution
		SolutionGuid = {339E427E-A923-42B9-914E-E0118C34C127}
	EndGlobalSection
EndGlobal
