
Microsoft Visual Studio Solution File, Format Version 12.00
# Visual Studio Version 16
VisualStudioVersion = 16.0.30406.217
MinimumVisualStudioVersion = 10.0.40219.1
Project("{FAE04EC0-301F-11D3-BF4B-00C04F79EFBC}") = "exercicio2_10", "exercicio2_10.csproj", "{27F851D7-CFEC-4220-8551-79DD5BA96E6C}"
EndProject
Global
	GlobalSection(SolutionConfigurationPlatforms) = preSolution
		Debug|Any CPU = Debug|Any CPU
		Release|Any CPU = Release|Any CPU
	EndGlobalSection
	GlobalSection(ProjectConfigurationPlatforms) = postSolution
		{27F851D7-CFEC-4220-8551-79DD5BA96E6C}.Debug|Any CPU.ActiveCfg = Debug|Any CPU
		{27F851D7-CFEC-4220-8551-79DD5BA96E6C}.Debug|Any CPU.Build.0 = Debug|Any CPU
		{27F851D7-CFEC-4220-8551-79DD5BA96E6C}.Release|Any CPU.ActiveCfg = Release|Any CPU
		{27F851D7-CFEC-4220-8551-79DD5BA96E6C}.Release|Any CPU.Build.0 = Release|Any CPU
	EndGlobalSection
	GlobalSection(SolutionProperties) = preSolution
		HideSolutionNode = FALSE
	EndGlobalSection
	GlobalSection(ExtensibilityGlobals) = postSolution
		SolutionGuid = {B4754ACC-F41F-4D88-88C0-3BAACBB3CA0E}
	EndGlobalSection
EndGlobal
