
Microsoft Visual Studio Solution File, Format Version 12.00
# Visual Studio Version 16
VisualStudioVersion = 16.0.30406.217
MinimumVisualStudioVersion = 10.0.40219.1
Project("{FAE04EC0-301F-11D3-BF4B-00C04F79EFBC}") = "exercicio2_1", "exercicio2_1.csproj", "{5EE8B933-D849-4A99-9224-A49E50E6BBBA}"
EndProject
Global
	GlobalSection(SolutionConfigurationPlatforms) = preSolution
		Debug|Any CPU = Debug|Any CPU
		Release|Any CPU = Release|Any CPU
	EndGlobalSection
	GlobalSection(ProjectConfigurationPlatforms) = postSolution
		{5EE8B933-D849-4A99-9224-A49E50E6BBBA}.Debug|Any CPU.ActiveCfg = Debug|Any CPU
		{5EE8B933-D849-4A99-9224-A49E50E6BBBA}.Debug|Any CPU.Build.0 = Debug|Any CPU
		{5EE8B933-D849-4A99-9224-A49E50E6BBBA}.Release|Any CPU.ActiveCfg = Release|Any CPU
		{5EE8B933-D849-4A99-9224-A49E50E6BBBA}.Release|Any CPU.Build.0 = Release|Any CPU
	EndGlobalSection
	GlobalSection(SolutionProperties) = preSolution
		HideSolutionNode = FALSE
	EndGlobalSection
	GlobalSection(ExtensibilityGlobals) = postSolution
		SolutionGuid = {83D14E84-A19E-4753-8700-F4652249DFB2}
	EndGlobalSection
EndGlobal
