
Microsoft Visual Studio Solution File, Format Version 12.00
# Visual Studio Version 16
VisualStudioVersion = 16.0.30406.217
MinimumVisualStudioVersion = 10.0.40219.1
Project("{FAE04EC0-301F-11D3-BF4B-00C04F79EFBC}") = "exercicio1_1", "exercicio1_1.csproj", "{B48FB300-6E1D-44CF-B81F-04367B7EB940}"
EndProject
Global
	GlobalSection(SolutionConfigurationPlatforms) = preSolution
		Debug|Any CPU = Debug|Any CPU
		Release|Any CPU = Release|Any CPU
	EndGlobalSection
	GlobalSection(ProjectConfigurationPlatforms) = postSolution
		{B48FB300-6E1D-44CF-B81F-04367B7EB940}.Debug|Any CPU.ActiveCfg = Debug|Any CPU
		{B48FB300-6E1D-44CF-B81F-04367B7EB940}.Debug|Any CPU.Build.0 = Debug|Any CPU
		{B48FB300-6E1D-44CF-B81F-04367B7EB940}.Release|Any CPU.ActiveCfg = Release|Any CPU
		{B48FB300-6E1D-44CF-B81F-04367B7EB940}.Release|Any CPU.Build.0 = Release|Any CPU
	EndGlobalSection
	GlobalSection(SolutionProperties) = preSolution
		HideSolutionNode = FALSE
	EndGlobalSection
	GlobalSection(ExtensibilityGlobals) = postSolution
		SolutionGuid = {5B3A1EB2-8F72-4906-8052-56BB2DDF7203}
	EndGlobalSection
EndGlobal
