
Microsoft Visual Studio Solution File, Format Version 12.00
# Visual Studio Version 16
VisualStudioVersion = 16.0.30406.217
MinimumVisualStudioVersion = 10.0.40219.1
Project("{FAE04EC0-301F-11D3-BF4B-00C04F79EFBC}") = "exercicio3_5", "exercicio3_5.csproj", "{BD0C9A32-81FB-4FE4-86BE-D50CE93B4BD0}"
EndProject
Global
	GlobalSection(SolutionConfigurationPlatforms) = preSolution
		Debug|Any CPU = Debug|Any CPU
		Release|Any CPU = Release|Any CPU
	EndGlobalSection
	GlobalSection(ProjectConfigurationPlatforms) = postSolution
		{BD0C9A32-81FB-4FE4-86BE-D50CE93B4BD0}.Debug|Any CPU.ActiveCfg = Debug|Any CPU
		{BD0C9A32-81FB-4FE4-86BE-D50CE93B4BD0}.Debug|Any CPU.Build.0 = Debug|Any CPU
		{BD0C9A32-81FB-4FE4-86BE-D50CE93B4BD0}.Release|Any CPU.ActiveCfg = Release|Any CPU
		{BD0C9A32-81FB-4FE4-86BE-D50CE93B4BD0}.Release|Any CPU.Build.0 = Release|Any CPU
	EndGlobalSection
	GlobalSection(SolutionProperties) = preSolution
		HideSolutionNode = FALSE
	EndGlobalSection
	GlobalSection(ExtensibilityGlobals) = postSolution
		SolutionGuid = {0C89EAFE-87D0-401B-85F1-AE615B876489}
	EndGlobalSection
EndGlobal
