
Microsoft Visual Studio Solution File, Format Version 12.00
# Visual Studio Version 16
VisualStudioVersion = 16.0.30406.217
MinimumVisualStudioVersion = 10.0.40219.1
Project("{FAE04EC0-301F-11D3-BF4B-00C04F79EFBC}") = "exercicio1_2", "exercicio1_2.csproj", "{37A1A6E9-5F24-4368-91E7-71EA5D9948AD}"
EndProject
Global
	GlobalSection(SolutionConfigurationPlatforms) = preSolution
		Debug|Any CPU = Debug|Any CPU
		Release|Any CPU = Release|Any CPU
	EndGlobalSection
	GlobalSection(ProjectConfigurationPlatforms) = postSolution
		{37A1A6E9-5F24-4368-91E7-71EA5D9948AD}.Debug|Any CPU.ActiveCfg = Debug|Any CPU
		{37A1A6E9-5F24-4368-91E7-71EA5D9948AD}.Debug|Any CPU.Build.0 = Debug|Any CPU
		{37A1A6E9-5F24-4368-91E7-71EA5D9948AD}.Release|Any CPU.ActiveCfg = Release|Any CPU
		{37A1A6E9-5F24-4368-91E7-71EA5D9948AD}.Release|Any CPU.Build.0 = Release|Any CPU
	EndGlobalSection
	GlobalSection(SolutionProperties) = preSolution
		HideSolutionNode = FALSE
	EndGlobalSection
	GlobalSection(ExtensibilityGlobals) = postSolution
		SolutionGuid = {D9D8736E-D735-49E2-AF14-F4B3E433657E}
	EndGlobalSection
EndGlobal
