
Microsoft Visual Studio Solution File, Format Version 12.00
# Visual Studio Version 16
VisualStudioVersion = 16.0.30406.217
MinimumVisualStudioVersion = 10.0.40219.1
Project("{FAE04EC0-301F-11D3-BF4B-00C04F79EFBC}") = "exercicio3_4", "exercicio3_4.csproj", "{7BDC2876-183E-4B2E-8BAC-424B80F8E548}"
EndProject
Global
	GlobalSection(SolutionConfigurationPlatforms) = preSolution
		Debug|Any CPU = Debug|Any CPU
		Release|Any CPU = Release|Any CPU
	EndGlobalSection
	GlobalSection(ProjectConfigurationPlatforms) = postSolution
		{7BDC2876-183E-4B2E-8BAC-424B80F8E548}.Debug|Any CPU.ActiveCfg = Debug|Any CPU
		{7BDC2876-183E-4B2E-8BAC-424B80F8E548}.Debug|Any CPU.Build.0 = Debug|Any CPU
		{7BDC2876-183E-4B2E-8BAC-424B80F8E548}.Release|Any CPU.ActiveCfg = Release|Any CPU
		{7BDC2876-183E-4B2E-8BAC-424B80F8E548}.Release|Any CPU.Build.0 = Release|Any CPU
	EndGlobalSection
	GlobalSection(SolutionProperties) = preSolution
		HideSolutionNode = FALSE
	EndGlobalSection
	GlobalSection(ExtensibilityGlobals) = postSolution
		SolutionGuid = {8DE61A3C-5995-44A3-A85E-DB79B84CFF3C}
	EndGlobalSection
EndGlobal
